// !$*UTF8*$!
{
	archiveVersion = 1;
	classes = {
	};
	objectVersion = 46;
	objects = {

/* Begin PBXBuildFile section */
		1107AC891F43F892002B2CA6 /* ProfileWebViewController.swift in Sources */ = {isa = PBXBuildFile; fileRef = 1107AC881F43F892002B2CA6 /* ProfileWebViewController.swift */; };
		11225C281DDE55C40071D1CF /* JsonTestStrings.swift in Sources */ = {isa = PBXBuildFile; fileRef = 11225C271DDE55C40071D1CF /* JsonTestStrings.swift */; };
		11225C311DE15CEC0071D1CF /* DrillListParser.swift in Sources */ = {isa = PBXBuildFile; fileRef = 11225C301DE15CEC0071D1CF /* DrillListParser.swift */; };
		11225C331DE168B40071D1CF /* DrillQuestionParser.swift in Sources */ = {isa = PBXBuildFile; fileRef = 11225C321DE168B40071D1CF /* DrillQuestionParser.swift */; };
		11225C351DE262F20071D1CF /* DrillVideoParser.swift in Sources */ = {isa = PBXBuildFile; fileRef = 11225C341DE262F20071D1CF /* DrillVideoParser.swift */; };
		11225C371DE26AF50071D1CF /* DrillPitchLocationParser.swift in Sources */ = {isa = PBXBuildFile; fileRef = 11225C361DE26AF50071D1CF /* DrillPitchLocationParser.swift */; };
		11225C3A1DE371EC0071D1CF /* drillList.txt in Resources */ = {isa = PBXBuildFile; fileRef = 11225C391DE371EC0071D1CF /* drillList.txt */; };
		11225C3E1DE3801D0071D1CF /* drillQuestions.txt in Resources */ = {isa = PBXBuildFile; fileRef = 11225C3D1DE3801D0071D1CF /* drillQuestions.txt */; };
		11225C401DE380550071D1CF /* drillVideo.txt in Resources */ = {isa = PBXBuildFile; fileRef = 11225C3F1DE380550071D1CF /* drillVideo.txt */; };
		11225C421DE380700071D1CF /* drillQuestionPitchLocations.txt in Resources */ = {isa = PBXBuildFile; fileRef = 11225C411DE380700071D1CF /* drillQuestionPitchLocations.txt */; };
		1147DC891DEAA3A5000D8025 /* DrillQuestionsViewController.swift in Sources */ = {isa = PBXBuildFile; fileRef = 1147DC881DEAA3A5000D8025 /* DrillQuestionsViewController.swift */; };
		115C95511F4678AA00224F50 /* account@2x.png in Resources */ = {isa = PBXBuildFile; fileRef = 115C954C1F4678AA00224F50 /* account@2x.png */; };
		115C95521F4678AA00224F50 /* charts@2x.png in Resources */ = {isa = PBXBuildFile; fileRef = 115C954D1F4678AA00224F50 /* charts@2x.png */; };
		115C95531F4678AA00224F50 /* home@2x.png in Resources */ = {isa = PBXBuildFile; fileRef = 115C954E1F4678AA00224F50 /* home@2x.png */; };
		115C95541F4678AA00224F50 /* logout@2x.png in Resources */ = {isa = PBXBuildFile; fileRef = 115C954F1F4678AA00224F50 /* logout@2x.png */; };
		115C95551F4678AA00224F50 /* profile@2x.png in Resources */ = {isa = PBXBuildFile; fileRef = 115C95501F4678AA00224F50 /* profile@2x.png */; };
		115C95571F467C6300224F50 /* home_icon.png in Resources */ = {isa = PBXBuildFile; fileRef = 115C95561F467C6300224F50 /* home_icon.png */; };
		11698F931DDB999600C24D3C /* AppDelegate.swift in Sources */ = {isa = PBXBuildFile; fileRef = 11698F921DDB999600C24D3C /* AppDelegate.swift */; };
		11698F951DDB999600C24D3C /* LoginViewController.swift in Sources */ = {isa = PBXBuildFile; fileRef = 11698F941DDB999600C24D3C /* LoginViewController.swift */; };
		11698F981DDB999600C24D3C /* Main.storyboard in Resources */ = {isa = PBXBuildFile; fileRef = 11698F961DDB999600C24D3C /* Main.storyboard */; };
		11698F9B1DDB999600C24D3C /* gameSenseSports.xcdatamodeld in Sources */ = {isa = PBXBuildFile; fileRef = 11698F991DDB999600C24D3C /* gameSenseSports.xcdatamodeld */; };
		11698F9D1DDB999600C24D3C /* Assets.xcassets in Resources */ = {isa = PBXBuildFile; fileRef = 11698F9C1DDB999600C24D3C /* Assets.xcassets */; };
		11698FA01DDB999600C24D3C /* LaunchScreen.storyboard in Resources */ = {isa = PBXBuildFile; fileRef = 11698F9E1DDB999600C24D3C /* LaunchScreen.storyboard */; };
		11698FAB1DDB999600C24D3C /* gameSenseSportsTests.swift in Sources */ = {isa = PBXBuildFile; fileRef = 11698FAA1DDB999600C24D3C /* gameSenseSportsTests.swift */; };
		11698FB61DDB999600C24D3C /* gameSenseSportsUITests.swift in Sources */ = {isa = PBXBuildFile; fileRef = 11698FB51DDB999600C24D3C /* gameSenseSportsUITests.swift */; };
		11698FC41DDB9C4700C24D3C /* gameSenseSports.png in Resources */ = {isa = PBXBuildFile; fileRef = 11698FC31DDB9C4700C24D3C /* gameSenseSports.png */; };
		11698FC71DDBA28100C24D3C /* DrillListViewController.swift in Sources */ = {isa = PBXBuildFile; fileRef = 11698FC61DDBA28100C24D3C /* DrillListViewController.swift */; };
		11698FC91DDBA35A00C24D3C /* VideoPlayerViewController.swift in Sources */ = {isa = PBXBuildFile; fileRef = 11698FC81DDBA35A00C24D3C /* VideoPlayerViewController.swift */; };
		11698FCD1DDBA3BD00C24D3C /* AVFoundation.framework in Frameworks */ = {isa = PBXBuildFile; fileRef = 11698FCB1DDBA3BD00C24D3C /* AVFoundation.framework */; };
		11698FCE1DDBA3BD00C24D3C /* AVKit.framework in Frameworks */ = {isa = PBXBuildFile; fileRef = 11698FCC1DDBA3BD00C24D3C /* AVKit.framework */; };
		11698FD01DDBA3C300C24D3C /* MobileCoreServices.framework in Frameworks */ = {isa = PBXBuildFile; fileRef = 11698FCF1DDBA3C300C24D3C /* MobileCoreServices.framework */; };
		11698FD31DDBA3CC00C24D3C /* MediaPlayer.framework in Frameworks */ = {isa = PBXBuildFile; fileRef = 11698FD11DDBA3CC00C24D3C /* MediaPlayer.framework */; };
		11698FD41DDBA3CC00C24D3C /* MediaToolbox.framework in Frameworks */ = {isa = PBXBuildFile; fileRef = 11698FD21DDBA3CC00C24D3C /* MediaToolbox.framework */; };
		11698FD61DDD14BE00C24D3C /* lance-lynn-OLD.jpg in Resources */ = {isa = PBXBuildFile; fileRef = 11698FD51DDD14BE00C24D3C /* lance-lynn-OLD.jpg */; };
		11698FD81DDD16FF00C24D3C /* logo.png in Resources */ = {isa = PBXBuildFile; fileRef = 11698FD71DDD16FF00C24D3C /* logo.png */; };
		11698FDA1DDD1CFD00C24D3C /* RegistrationWebViewController.swift in Sources */ = {isa = PBXBuildFile; fileRef = 11698FD91DDD1CFD00C24D3C /* RegistrationWebViewController.swift */; };
		118287601E14D9BE0009CCAF /* clock.png in Resources */ = {isa = PBXBuildFile; fileRef = 1182875F1E14D9BE0009CCAF /* clock.png */; };
		118287671E17363E0009CCAF /* round_ball.png in Resources */ = {isa = PBXBuildFile; fileRef = 118287651E17363E0009CCAF /* round_ball.png */; };
		118287681E17363E0009CCAF /* round_strike.png in Resources */ = {isa = PBXBuildFile; fileRef = 118287661E17363E0009CCAF /* round_strike.png */; };
		11C04F001E3FEE49005BDC4B /* aescrypt.c in Sources */ = {isa = PBXBuildFile; fileRef = 11C04EDD1E3FEE49005BDC4B /* aescrypt.c */; };
		11C04F011E3FEE49005BDC4B /* aeskey.c in Sources */ = {isa = PBXBuildFile; fileRef = 11C04EDE1E3FEE49005BDC4B /* aeskey.c */; };
		11C04F021E3FEE49005BDC4B /* aestab.c in Sources */ = {isa = PBXBuildFile; fileRef = 11C04EE01E3FEE49005BDC4B /* aestab.c */; };
		11C04F031E3FEE49005BDC4B /* entropy.c in Sources */ = {isa = PBXBuildFile; fileRef = 11C04EE41E3FEE49005BDC4B /* entropy.c */; };
		11C04F041E3FEE49005BDC4B /* fileenc.c in Sources */ = {isa = PBXBuildFile; fileRef = 11C04EE61E3FEE49005BDC4B /* fileenc.c */; };
		11C04F051E3FEE49005BDC4B /* hmac.c in Sources */ = {isa = PBXBuildFile; fileRef = 11C04EE81E3FEE49005BDC4B /* hmac.c */; };
		11C04F061E3FEE49005BDC4B /* prng.c in Sources */ = {isa = PBXBuildFile; fileRef = 11C04EEA1E3FEE49005BDC4B /* prng.c */; };
		11C04F071E3FEE49005BDC4B /* pwd2key.c in Sources */ = {isa = PBXBuildFile; fileRef = 11C04EEC1E3FEE49005BDC4B /* pwd2key.c */; };
		11C04F081E3FEE49005BDC4B /* sha1.c in Sources */ = {isa = PBXBuildFile; fileRef = 11C04EEE1E3FEE49005BDC4B /* sha1.c */; };
		11C04F091E3FEE49005BDC4B /* Info.plist in Resources */ = {isa = PBXBuildFile; fileRef = 11C04EF01E3FEE49005BDC4B /* Info.plist */; };
		11C04F0A1E3FEE49005BDC4B /* ioapi.c in Sources */ = {isa = PBXBuildFile; fileRef = 11C04EF31E3FEE49005BDC4B /* ioapi.c */; };
		11C04F0B1E3FEE49005BDC4B /* mztools.c in Sources */ = {isa = PBXBuildFile; fileRef = 11C04EF51E3FEE49005BDC4B /* mztools.c */; };
		11C04F0C1E3FEE49005BDC4B /* unzip.c in Sources */ = {isa = PBXBuildFile; fileRef = 11C04EF71E3FEE49005BDC4B /* unzip.c */; };
		11C04F0D1E3FEE49005BDC4B /* zip.c in Sources */ = {isa = PBXBuildFile; fileRef = 11C04EF91E3FEE49005BDC4B /* zip.c */; };
		11C04F0E1E3FEE49005BDC4B /* SSZipArchive+Swift.swift in Sources */ = {isa = PBXBuildFile; fileRef = 11C04EFB1E3FEE49005BDC4B /* SSZipArchive+Swift.swift */; };
		11C04F0F1E3FEE49005BDC4B /* SSZipArchive.m in Sources */ = {isa = PBXBuildFile; fileRef = 11C04EFD1E3FEE49005BDC4B /* SSZipArchive.m */; };
		11C04F111E3FEFE3005BDC4B /* libz.tbd in Frameworks */ = {isa = PBXBuildFile; fileRef = 11C04F101E3FEFE3005BDC4B /* libz.tbd */; };
		11D25C751F427079003CC09C /* ProfileViewController.swift in Sources */ = {isa = PBXBuildFile; fileRef = 11D25C741F427079003CC09C /* ProfileViewController.swift */; };
		11DC88D01DEF6501002D3847 /* gs_logo_login.png in Resources */ = {isa = PBXBuildFile; fileRef = 11DC88CF1DEF6501002D3847 /* gs_logo_login.png */; };
		11E1391F1DE4C932005B2A6F /* SharedNetworkConnection.swift in Sources */ = {isa = PBXBuildFile; fileRef = 11E1391E1DE4C932005B2A6F /* SharedNetworkConnection.swift */; };
		11E139211DE5E88E005B2A6F /* Constants.swift in Sources */ = {isa = PBXBuildFile; fileRef = 11E139201DE5E88E005B2A6F /* Constants.swift */; };
		11ECB99D1DECC2B900BEBF31 /* ballcheer.mp3 in Resources */ = {isa = PBXBuildFile; fileRef = 11ECB99B1DECC2B900BEBF31 /* ballcheer.mp3 */; };
		11ECB99E1DECC2B900BEBF31 /* caughtball.mp3 in Resources */ = {isa = PBXBuildFile; fileRef = 11ECB99C1DECC2B900BEBF31 /* caughtball.mp3 */; };
		A8290B59379F26AA57787B49 /* libPods-gameSenseSports.a in Frameworks */ = {isa = PBXBuildFile; fileRef = 3642BFA2F2050BD2D1E07B31 /* libPods-gameSenseSports.a */; };
		AF0B92621F49F99C00104E4A /* PitcherDetailViewController.swift in Sources */ = {isa = PBXBuildFile; fileRef = AF0B92611F49F99C00104E4A /* PitcherDetailViewController.swift */; };
		AF3CC5D71EE116810095A69A /* DrillListTableViewCell.swift in Sources */ = {isa = PBXBuildFile; fileRef = AF3CC5D61EE116810095A69A /* DrillListTableViewCell.swift */; };
		AF76AA321E477D8D00A9407D /* lance-lynn.jpg in Resources */ = {isa = PBXBuildFile; fileRef = AF76AA311E477D8D00A9407D /* lance-lynn.jpg */; };
		AF8864081F4CD65500FDF67B /* LeaderboardScoreParser.swift in Sources */ = {isa = PBXBuildFile; fileRef = AF8864071F4CD65500FDF67B /* LeaderboardScoreParser.swift */; };
		AF8A22D21DF3ACF500A88E00 /* Rollbar.framework in Frameworks */ = {isa = PBXBuildFile; fileRef = AF8A22D11DF3ACF500A88E00 /* Rollbar.framework */; };
		AF8A22D71DF3C61600A88E00 /* CrashReporter.framework in Frameworks */ = {isa = PBXBuildFile; fileRef = AF8A22D61DF3C61600A88E00 /* CrashReporter.framework */; };
		AFFAC0291F5CA25D00E2634F /* full_circle_1.png in Resources */ = {isa = PBXBuildFile; fileRef = AFFAC01D1F5CA25D00E2634F /* full_circle_1.png */; };
		AFFAC02A1F5CA25D00E2634F /* full_circle_2.png in Resources */ = {isa = PBXBuildFile; fileRef = AFFAC01E1F5CA25D00E2634F /* full_circle_2.png */; };
		AFFAC02B1F5CA25D00E2634F /* full_circle_3.png in Resources */ = {isa = PBXBuildFile; fileRef = AFFAC01F1F5CA25D00E2634F /* full_circle_3.png */; };
		AFFAC02C1F5CA25D00E2634F /* full_circle_4.png in Resources */ = {isa = PBXBuildFile; fileRef = AFFAC0201F5CA25D00E2634F /* full_circle_4.png */; };
		AFFAC02D1F5CA25D00E2634F /* half_circle_1.png in Resources */ = {isa = PBXBuildFile; fileRef = AFFAC0211F5CA25D00E2634F /* half_circle_1.png */; };
		AFFAC02E1F5CA25D00E2634F /* half_circle_2.png in Resources */ = {isa = PBXBuildFile; fileRef = AFFAC0221F5CA25D00E2634F /* half_circle_2.png */; };
		AFFAC02F1F5CA25D00E2634F /* half_circle_3.png in Resources */ = {isa = PBXBuildFile; fileRef = AFFAC0231F5CA25D00E2634F /* half_circle_3.png */; };
		AFFAC0301F5CA25D00E2634F /* half_circle_4.png in Resources */ = {isa = PBXBuildFile; fileRef = AFFAC0241F5CA25D00E2634F /* half_circle_4.png */; };
		AFFAC0311F5CA25D00E2634F /* occlusion_1.png in Resources */ = {isa = PBXBuildFile; fileRef = AFFAC0251F5CA25D00E2634F /* occlusion_1.png */; };
		AFFAC0321F5CA25D00E2634F /* occlusion_2.png in Resources */ = {isa = PBXBuildFile; fileRef = AFFAC0261F5CA25D00E2634F /* occlusion_2.png */; };
		AFFAC0331F5CA25D00E2634F /* occlusion_3.png in Resources */ = {isa = PBXBuildFile; fileRef = AFFAC0271F5CA25D00E2634F /* occlusion_3.png */; };
		AFFAC0341F5CA25D00E2634F /* occlusion_4.png in Resources */ = {isa = PBXBuildFile; fileRef = AFFAC0281F5CA25D00E2634F /* occlusion_4.png */; };
/* End PBXBuildFile section */

/* Begin PBXContainerItemProxy section */
		11698FA71DDB999600C24D3C /* PBXContainerItemProxy */ = {
			isa = PBXContainerItemProxy;
			containerPortal = 11698F871DDB999500C24D3C /* Project object */;
			proxyType = 1;
			remoteGlobalIDString = 11698F8E1DDB999600C24D3C;
			remoteInfo = gameSenseSports;
		};
		11698FB21DDB999600C24D3C /* PBXContainerItemProxy */ = {
			isa = PBXContainerItemProxy;
			containerPortal = 11698F871DDB999500C24D3C /* Project object */;
			proxyType = 1;
			remoteGlobalIDString = 11698F8E1DDB999600C24D3C;
			remoteInfo = gameSenseSports;
		};
/* End PBXContainerItemProxy section */

/* Begin PBXFileReference section */
		1107AC881F43F892002B2CA6 /* ProfileWebViewController.swift */ = {isa = PBXFileReference; fileEncoding = 4; lastKnownFileType = sourcecode.swift; path = ProfileWebViewController.swift; sourceTree = "<group>"; };
		11225C271DDE55C40071D1CF /* JsonTestStrings.swift */ = {isa = PBXFileReference; fileEncoding = 4; lastKnownFileType = sourcecode.swift; path = JsonTestStrings.swift; sourceTree = "<group>"; };
		11225C301DE15CEC0071D1CF /* DrillListParser.swift */ = {isa = PBXFileReference; fileEncoding = 4; lastKnownFileType = sourcecode.swift; path = DrillListParser.swift; sourceTree = "<group>"; };
		11225C321DE168B40071D1CF /* DrillQuestionParser.swift */ = {isa = PBXFileReference; fileEncoding = 4; lastKnownFileType = sourcecode.swift; path = DrillQuestionParser.swift; sourceTree = "<group>"; };
		11225C341DE262F20071D1CF /* DrillVideoParser.swift */ = {isa = PBXFileReference; fileEncoding = 4; lastKnownFileType = sourcecode.swift; path = DrillVideoParser.swift; sourceTree = "<group>"; };
		11225C361DE26AF50071D1CF /* DrillPitchLocationParser.swift */ = {isa = PBXFileReference; fileEncoding = 4; lastKnownFileType = sourcecode.swift; path = DrillPitchLocationParser.swift; sourceTree = "<group>"; };
		11225C391DE371EC0071D1CF /* drillList.txt */ = {isa = PBXFileReference; fileEncoding = 4; lastKnownFileType = text; name = drillList.txt; path = json/drillList.txt; sourceTree = "<group>"; };
		11225C3D1DE3801D0071D1CF /* drillQuestions.txt */ = {isa = PBXFileReference; fileEncoding = 4; lastKnownFileType = text; name = drillQuestions.txt; path = json/drillQuestions.txt; sourceTree = "<group>"; };
		11225C3F1DE380550071D1CF /* drillVideo.txt */ = {isa = PBXFileReference; fileEncoding = 4; lastKnownFileType = text; name = drillVideo.txt; path = json/drillVideo.txt; sourceTree = "<group>"; };
		11225C411DE380700071D1CF /* drillQuestionPitchLocations.txt */ = {isa = PBXFileReference; fileEncoding = 4; lastKnownFileType = text; name = drillQuestionPitchLocations.txt; path = json/drillQuestionPitchLocations.txt; sourceTree = "<group>"; };
		1147DC881DEAA3A5000D8025 /* DrillQuestionsViewController.swift */ = {isa = PBXFileReference; fileEncoding = 4; lastKnownFileType = sourcecode.swift; path = DrillQuestionsViewController.swift; sourceTree = "<group>"; };
		115C954C1F4678AA00224F50 /* account@2x.png */ = {isa = PBXFileReference; lastKnownFileType = image.png; name = "account@2x.png"; path = "images/account@2x.png"; sourceTree = "<group>"; };
		115C954D1F4678AA00224F50 /* charts@2x.png */ = {isa = PBXFileReference; lastKnownFileType = image.png; name = "charts@2x.png"; path = "images/charts@2x.png"; sourceTree = "<group>"; };
		115C954E1F4678AA00224F50 /* home@2x.png */ = {isa = PBXFileReference; lastKnownFileType = image.png; name = "home@2x.png"; path = "images/home@2x.png"; sourceTree = "<group>"; };
		115C954F1F4678AA00224F50 /* logout@2x.png */ = {isa = PBXFileReference; lastKnownFileType = image.png; name = "logout@2x.png"; path = "images/logout@2x.png"; sourceTree = "<group>"; };
		115C95501F4678AA00224F50 /* profile@2x.png */ = {isa = PBXFileReference; lastKnownFileType = image.png; name = "profile@2x.png"; path = "images/profile@2x.png"; sourceTree = "<group>"; };
		115C95561F467C6300224F50 /* home_icon.png */ = {isa = PBXFileReference; lastKnownFileType = image.png; name = home_icon.png; path = images/home_icon.png; sourceTree = "<group>"; };
		11698F8F1DDB999600C24D3C /* gameSenseSports.app */ = {isa = PBXFileReference; explicitFileType = wrapper.application; includeInIndex = 0; path = gameSenseSports.app; sourceTree = BUILT_PRODUCTS_DIR; };
		11698F921DDB999600C24D3C /* AppDelegate.swift */ = {isa = PBXFileReference; lastKnownFileType = sourcecode.swift; path = AppDelegate.swift; sourceTree = "<group>"; };
		11698F941DDB999600C24D3C /* LoginViewController.swift */ = {isa = PBXFileReference; lastKnownFileType = sourcecode.swift; path = LoginViewController.swift; sourceTree = "<group>"; };
		11698F971DDB999600C24D3C /* Base */ = {isa = PBXFileReference; lastKnownFileType = file.storyboard; name = Base; path = Base.lproj/Main.storyboard; sourceTree = "<group>"; };
		11698F9A1DDB999600C24D3C /* gameSenseSports.xcdatamodel */ = {isa = PBXFileReference; lastKnownFileType = wrapper.xcdatamodel; path = gameSenseSports.xcdatamodel; sourceTree = "<group>"; };
		11698F9C1DDB999600C24D3C /* Assets.xcassets */ = {isa = PBXFileReference; lastKnownFileType = folder.assetcatalog; path = Assets.xcassets; sourceTree = "<group>"; };
		11698F9F1DDB999600C24D3C /* Base */ = {isa = PBXFileReference; lastKnownFileType = file.storyboard; name = Base; path = Base.lproj/LaunchScreen.storyboard; sourceTree = "<group>"; };
		11698FA11DDB999600C24D3C /* Info.plist */ = {isa = PBXFileReference; lastKnownFileType = text.plist.xml; path = Info.plist; sourceTree = "<group>"; };
		11698FA61DDB999600C24D3C /* gameSenseSportsTests.xctest */ = {isa = PBXFileReference; explicitFileType = wrapper.cfbundle; includeInIndex = 0; path = gameSenseSportsTests.xctest; sourceTree = BUILT_PRODUCTS_DIR; };
		11698FAA1DDB999600C24D3C /* gameSenseSportsTests.swift */ = {isa = PBXFileReference; lastKnownFileType = sourcecode.swift; path = gameSenseSportsTests.swift; sourceTree = "<group>"; };
		11698FAC1DDB999600C24D3C /* Info.plist */ = {isa = PBXFileReference; lastKnownFileType = text.plist.xml; path = Info.plist; sourceTree = "<group>"; };
		11698FB11DDB999600C24D3C /* gameSenseSportsUITests.xctest */ = {isa = PBXFileReference; explicitFileType = wrapper.cfbundle; includeInIndex = 0; path = gameSenseSportsUITests.xctest; sourceTree = BUILT_PRODUCTS_DIR; };
		11698FB51DDB999600C24D3C /* gameSenseSportsUITests.swift */ = {isa = PBXFileReference; lastKnownFileType = sourcecode.swift; path = gameSenseSportsUITests.swift; sourceTree = "<group>"; };
		11698FB71DDB999600C24D3C /* Info.plist */ = {isa = PBXFileReference; lastKnownFileType = text.plist.xml; path = Info.plist; sourceTree = "<group>"; };
		11698FC31DDB9C4700C24D3C /* gameSenseSports.png */ = {isa = PBXFileReference; lastKnownFileType = image.png; name = gameSenseSports.png; path = images/gameSenseSports.png; sourceTree = "<group>"; };
		11698FC61DDBA28100C24D3C /* DrillListViewController.swift */ = {isa = PBXFileReference; fileEncoding = 4; lastKnownFileType = sourcecode.swift; path = DrillListViewController.swift; sourceTree = "<group>"; };
		11698FC81DDBA35A00C24D3C /* VideoPlayerViewController.swift */ = {isa = PBXFileReference; fileEncoding = 4; lastKnownFileType = sourcecode.swift; path = VideoPlayerViewController.swift; sourceTree = "<group>"; };
		11698FCB1DDBA3BD00C24D3C /* AVFoundation.framework */ = {isa = PBXFileReference; lastKnownFileType = wrapper.framework; name = AVFoundation.framework; path = System/Library/Frameworks/AVFoundation.framework; sourceTree = SDKROOT; };
		11698FCC1DDBA3BD00C24D3C /* AVKit.framework */ = {isa = PBXFileReference; lastKnownFileType = wrapper.framework; name = AVKit.framework; path = System/Library/Frameworks/AVKit.framework; sourceTree = SDKROOT; };
		11698FCF1DDBA3C300C24D3C /* MobileCoreServices.framework */ = {isa = PBXFileReference; lastKnownFileType = wrapper.framework; name = MobileCoreServices.framework; path = System/Library/Frameworks/MobileCoreServices.framework; sourceTree = SDKROOT; };
		11698FD11DDBA3CC00C24D3C /* MediaPlayer.framework */ = {isa = PBXFileReference; lastKnownFileType = wrapper.framework; name = MediaPlayer.framework; path = System/Library/Frameworks/MediaPlayer.framework; sourceTree = SDKROOT; };
		11698FD21DDBA3CC00C24D3C /* MediaToolbox.framework */ = {isa = PBXFileReference; lastKnownFileType = wrapper.framework; name = MediaToolbox.framework; path = System/Library/Frameworks/MediaToolbox.framework; sourceTree = SDKROOT; };
		11698FD51DDD14BE00C24D3C /* lance-lynn-OLD.jpg */ = {isa = PBXFileReference; lastKnownFileType = image.jpeg; name = "lance-lynn-OLD.jpg"; path = "images/lance-lynn-OLD.jpg"; sourceTree = "<group>"; };
		11698FD71DDD16FF00C24D3C /* logo.png */ = {isa = PBXFileReference; lastKnownFileType = image.png; name = logo.png; path = images/logo.png; sourceTree = "<group>"; };
		11698FD91DDD1CFD00C24D3C /* RegistrationWebViewController.swift */ = {isa = PBXFileReference; fileEncoding = 4; lastKnownFileType = sourcecode.swift; path = RegistrationWebViewController.swift; sourceTree = "<group>"; };
		1182875F1E14D9BE0009CCAF /* clock.png */ = {isa = PBXFileReference; lastKnownFileType = image.png; name = clock.png; path = images/clock.png; sourceTree = "<group>"; };
		118287651E17363E0009CCAF /* round_ball.png */ = {isa = PBXFileReference; lastKnownFileType = image.png; name = round_ball.png; path = images/round_ball.png; sourceTree = "<group>"; };
		118287661E17363E0009CCAF /* round_strike.png */ = {isa = PBXFileReference; lastKnownFileType = image.png; name = round_strike.png; path = images/round_strike.png; sourceTree = "<group>"; };
		11C04EDB1E3FEE49005BDC4B /* aes.h */ = {isa = PBXFileReference; fileEncoding = 4; lastKnownFileType = sourcecode.c.h; path = aes.h; sourceTree = "<group>"; };
		11C04EDC1E3FEE49005BDC4B /* aes_via_ace.h */ = {isa = PBXFileReference; fileEncoding = 4; lastKnownFileType = sourcecode.c.h; path = aes_via_ace.h; sourceTree = "<group>"; };
		11C04EDD1E3FEE49005BDC4B /* aescrypt.c */ = {isa = PBXFileReference; fileEncoding = 4; lastKnownFileType = sourcecode.c.c; path = aescrypt.c; sourceTree = "<group>"; };
		11C04EDE1E3FEE49005BDC4B /* aeskey.c */ = {isa = PBXFileReference; fileEncoding = 4; lastKnownFileType = sourcecode.c.c; path = aeskey.c; sourceTree = "<group>"; };
		11C04EDF1E3FEE49005BDC4B /* aesopt.h */ = {isa = PBXFileReference; fileEncoding = 4; lastKnownFileType = sourcecode.c.h; path = aesopt.h; sourceTree = "<group>"; };
		11C04EE01E3FEE49005BDC4B /* aestab.c */ = {isa = PBXFileReference; fileEncoding = 4; lastKnownFileType = sourcecode.c.c; path = aestab.c; sourceTree = "<group>"; };
		11C04EE11E3FEE49005BDC4B /* aestab.h */ = {isa = PBXFileReference; fileEncoding = 4; lastKnownFileType = sourcecode.c.h; path = aestab.h; sourceTree = "<group>"; };
		11C04EE21E3FEE49005BDC4B /* brg_endian.h */ = {isa = PBXFileReference; fileEncoding = 4; lastKnownFileType = sourcecode.c.h; path = brg_endian.h; sourceTree = "<group>"; };
		11C04EE31E3FEE49005BDC4B /* brg_types.h */ = {isa = PBXFileReference; fileEncoding = 4; lastKnownFileType = sourcecode.c.h; path = brg_types.h; sourceTree = "<group>"; };
		11C04EE41E3FEE49005BDC4B /* entropy.c */ = {isa = PBXFileReference; fileEncoding = 4; lastKnownFileType = sourcecode.c.c; path = entropy.c; sourceTree = "<group>"; };
		11C04EE51E3FEE49005BDC4B /* entropy.h */ = {isa = PBXFileReference; fileEncoding = 4; lastKnownFileType = sourcecode.c.h; path = entropy.h; sourceTree = "<group>"; };
		11C04EE61E3FEE49005BDC4B /* fileenc.c */ = {isa = PBXFileReference; fileEncoding = 4; lastKnownFileType = sourcecode.c.c; path = fileenc.c; sourceTree = "<group>"; };
		11C04EE71E3FEE49005BDC4B /* fileenc.h */ = {isa = PBXFileReference; fileEncoding = 4; lastKnownFileType = sourcecode.c.h; path = fileenc.h; sourceTree = "<group>"; };
		11C04EE81E3FEE49005BDC4B /* hmac.c */ = {isa = PBXFileReference; fileEncoding = 4; lastKnownFileType = sourcecode.c.c; path = hmac.c; sourceTree = "<group>"; };
		11C04EE91E3FEE49005BDC4B /* hmac.h */ = {isa = PBXFileReference; fileEncoding = 4; lastKnownFileType = sourcecode.c.h; path = hmac.h; sourceTree = "<group>"; };
		11C04EEA1E3FEE49005BDC4B /* prng.c */ = {isa = PBXFileReference; fileEncoding = 4; lastKnownFileType = sourcecode.c.c; path = prng.c; sourceTree = "<group>"; };
		11C04EEB1E3FEE49005BDC4B /* prng.h */ = {isa = PBXFileReference; fileEncoding = 4; lastKnownFileType = sourcecode.c.h; path = prng.h; sourceTree = "<group>"; };
		11C04EEC1E3FEE49005BDC4B /* pwd2key.c */ = {isa = PBXFileReference; fileEncoding = 4; lastKnownFileType = sourcecode.c.c; path = pwd2key.c; sourceTree = "<group>"; };
		11C04EED1E3FEE49005BDC4B /* pwd2key.h */ = {isa = PBXFileReference; fileEncoding = 4; lastKnownFileType = sourcecode.c.h; path = pwd2key.h; sourceTree = "<group>"; };
		11C04EEE1E3FEE49005BDC4B /* sha1.c */ = {isa = PBXFileReference; fileEncoding = 4; lastKnownFileType = sourcecode.c.c; path = sha1.c; sourceTree = "<group>"; };
		11C04EEF1E3FEE49005BDC4B /* sha1.h */ = {isa = PBXFileReference; fileEncoding = 4; lastKnownFileType = sourcecode.c.h; path = sha1.h; sourceTree = "<group>"; };
		11C04EF01E3FEE49005BDC4B /* Info.plist */ = {isa = PBXFileReference; fileEncoding = 4; lastKnownFileType = text.plist.xml; path = Info.plist; sourceTree = "<group>"; };
		11C04EF21E3FEE49005BDC4B /* crypt.h */ = {isa = PBXFileReference; fileEncoding = 4; lastKnownFileType = sourcecode.c.h; path = crypt.h; sourceTree = "<group>"; };
		11C04EF31E3FEE49005BDC4B /* ioapi.c */ = {isa = PBXFileReference; fileEncoding = 4; lastKnownFileType = sourcecode.c.c; path = ioapi.c; sourceTree = "<group>"; };
		11C04EF41E3FEE49005BDC4B /* ioapi.h */ = {isa = PBXFileReference; fileEncoding = 4; lastKnownFileType = sourcecode.c.h; path = ioapi.h; sourceTree = "<group>"; };
		11C04EF51E3FEE49005BDC4B /* mztools.c */ = {isa = PBXFileReference; fileEncoding = 4; lastKnownFileType = sourcecode.c.c; path = mztools.c; sourceTree = "<group>"; };
		11C04EF61E3FEE49005BDC4B /* mztools.h */ = {isa = PBXFileReference; fileEncoding = 4; lastKnownFileType = sourcecode.c.h; path = mztools.h; sourceTree = "<group>"; };
		11C04EF71E3FEE49005BDC4B /* unzip.c */ = {isa = PBXFileReference; fileEncoding = 4; lastKnownFileType = sourcecode.c.c; path = unzip.c; sourceTree = "<group>"; };
		11C04EF81E3FEE49005BDC4B /* unzip.h */ = {isa = PBXFileReference; fileEncoding = 4; lastKnownFileType = sourcecode.c.h; path = unzip.h; sourceTree = "<group>"; };
		11C04EF91E3FEE49005BDC4B /* zip.c */ = {isa = PBXFileReference; fileEncoding = 4; lastKnownFileType = sourcecode.c.c; path = zip.c; sourceTree = "<group>"; };
		11C04EFA1E3FEE49005BDC4B /* zip.h */ = {isa = PBXFileReference; fileEncoding = 4; lastKnownFileType = sourcecode.c.h; path = zip.h; sourceTree = "<group>"; };
		11C04EFB1E3FEE49005BDC4B /* SSZipArchive+Swift.swift */ = {isa = PBXFileReference; fileEncoding = 4; lastKnownFileType = sourcecode.swift; path = "SSZipArchive+Swift.swift"; sourceTree = "<group>"; };
		11C04EFC1E3FEE49005BDC4B /* SSZipArchive.h */ = {isa = PBXFileReference; fileEncoding = 4; lastKnownFileType = sourcecode.c.h; path = SSZipArchive.h; sourceTree = "<group>"; };
		11C04EFD1E3FEE49005BDC4B /* SSZipArchive.m */ = {isa = PBXFileReference; fileEncoding = 4; lastKnownFileType = sourcecode.c.objc; path = SSZipArchive.m; sourceTree = "<group>"; };
		11C04EFE1E3FEE49005BDC4B /* SSZipCommon.h */ = {isa = PBXFileReference; fileEncoding = 4; lastKnownFileType = sourcecode.c.h; path = SSZipCommon.h; sourceTree = "<group>"; };
		11C04EFF1E3FEE49005BDC4B /* ZipArchive.h */ = {isa = PBXFileReference; fileEncoding = 4; lastKnownFileType = sourcecode.c.h; path = ZipArchive.h; sourceTree = "<group>"; };
		11C04F101E3FEFE3005BDC4B /* libz.tbd */ = {isa = PBXFileReference; lastKnownFileType = "sourcecode.text-based-dylib-definition"; name = libz.tbd; path = usr/lib/libz.tbd; sourceTree = SDKROOT; };
		11D25C741F427079003CC09C /* ProfileViewController.swift */ = {isa = PBXFileReference; fileEncoding = 4; lastKnownFileType = sourcecode.swift; path = ProfileViewController.swift; sourceTree = "<group>"; };
		11DC88CF1DEF6501002D3847 /* gs_logo_login.png */ = {isa = PBXFileReference; lastKnownFileType = image.png; name = gs_logo_login.png; path = images/gs_logo_login.png; sourceTree = "<group>"; };
		11E1391E1DE4C932005B2A6F /* SharedNetworkConnection.swift */ = {isa = PBXFileReference; fileEncoding = 4; lastKnownFileType = sourcecode.swift; path = SharedNetworkConnection.swift; sourceTree = "<group>"; };
		11E139201DE5E88E005B2A6F /* Constants.swift */ = {isa = PBXFileReference; fileEncoding = 4; lastKnownFileType = sourcecode.swift; path = Constants.swift; sourceTree = "<group>"; };
		11ECB99B1DECC2B900BEBF31 /* ballcheer.mp3 */ = {isa = PBXFileReference; lastKnownFileType = audio.mp3; name = ballcheer.mp3; path = sounds/ballcheer.mp3; sourceTree = "<group>"; };
		11ECB99C1DECC2B900BEBF31 /* caughtball.mp3 */ = {isa = PBXFileReference; lastKnownFileType = audio.mp3; name = caughtball.mp3; path = sounds/caughtball.mp3; sourceTree = "<group>"; };
		3642BFA2F2050BD2D1E07B31 /* libPods-gameSenseSports.a */ = {isa = PBXFileReference; explicitFileType = archive.ar; includeInIndex = 0; path = "libPods-gameSenseSports.a"; sourceTree = BUILT_PRODUCTS_DIR; };
		422D7E26DF320FBDB8879001 /* Pods-gameSenseSports.debug.xcconfig */ = {isa = PBXFileReference; includeInIndex = 1; lastKnownFileType = text.xcconfig; name = "Pods-gameSenseSports.debug.xcconfig"; path = "Pods/Target Support Files/Pods-gameSenseSports/Pods-gameSenseSports.debug.xcconfig"; sourceTree = "<group>"; };
		AF0B92611F49F99C00104E4A /* PitcherDetailViewController.swift */ = {isa = PBXFileReference; fileEncoding = 4; lastKnownFileType = sourcecode.swift; path = PitcherDetailViewController.swift; sourceTree = "<group>"; };
		AF3CC5D61EE116810095A69A /* DrillListTableViewCell.swift */ = {isa = PBXFileReference; fileEncoding = 4; lastKnownFileType = sourcecode.swift; name = DrillListTableViewCell.swift; path = ../DrillListTableViewCell.swift; sourceTree = "<group>"; };
		AF76AA311E477D8D00A9407D /* lance-lynn.jpg */ = {isa = PBXFileReference; lastKnownFileType = image.jpeg; path = "lance-lynn.jpg"; sourceTree = "<group>"; };
		AF8864071F4CD65500FDF67B /* LeaderboardScoreParser.swift */ = {isa = PBXFileReference; fileEncoding = 4; lastKnownFileType = sourcecode.swift; path = LeaderboardScoreParser.swift; sourceTree = "<group>"; };
		AF8A22D11DF3ACF500A88E00 /* Rollbar.framework */ = {isa = PBXFileReference; lastKnownFileType = wrapper.framework; name = Rollbar.framework; path = gameSenseSports/Rollbar.framework; sourceTree = "<group>"; };
		AF8A22D31DF3C4B200A88E00 /* gameSenseSports-Bridging-Header.h */ = {isa = PBXFileReference; lastKnownFileType = sourcecode.c.h; path = "gameSenseSports-Bridging-Header.h"; sourceTree = "<group>"; };
		AF8A22D61DF3C61600A88E00 /* CrashReporter.framework */ = {isa = PBXFileReference; lastKnownFileType = wrapper.framework; name = CrashReporter.framework; path = gameSenseSports/CrashReporter.framework; sourceTree = "<group>"; };
		AFFAC01D1F5CA25D00E2634F /* full_circle_1.png */ = {isa = PBXFileReference; lastKnownFileType = image.png; name = full_circle_1.png; path = images/full_circle_1.png; sourceTree = "<group>"; };
		AFFAC01E1F5CA25D00E2634F /* full_circle_2.png */ = {isa = PBXFileReference; lastKnownFileType = image.png; name = full_circle_2.png; path = images/full_circle_2.png; sourceTree = "<group>"; };
		AFFAC01F1F5CA25D00E2634F /* full_circle_3.png */ = {isa = PBXFileReference; lastKnownFileType = image.png; name = full_circle_3.png; path = images/full_circle_3.png; sourceTree = "<group>"; };
		AFFAC0201F5CA25D00E2634F /* full_circle_4.png */ = {isa = PBXFileReference; lastKnownFileType = image.png; name = full_circle_4.png; path = images/full_circle_4.png; sourceTree = "<group>"; };
		AFFAC0211F5CA25D00E2634F /* half_circle_1.png */ = {isa = PBXFileReference; lastKnownFileType = image.png; name = half_circle_1.png; path = images/half_circle_1.png; sourceTree = "<group>"; };
		AFFAC0221F5CA25D00E2634F /* half_circle_2.png */ = {isa = PBXFileReference; lastKnownFileType = image.png; name = half_circle_2.png; path = images/half_circle_2.png; sourceTree = "<group>"; };
		AFFAC0231F5CA25D00E2634F /* half_circle_3.png */ = {isa = PBXFileReference; lastKnownFileType = image.png; name = half_circle_3.png; path = images/half_circle_3.png; sourceTree = "<group>"; };
		AFFAC0241F5CA25D00E2634F /* half_circle_4.png */ = {isa = PBXFileReference; lastKnownFileType = image.png; name = half_circle_4.png; path = images/half_circle_4.png; sourceTree = "<group>"; };
		AFFAC0251F5CA25D00E2634F /* occlusion_1.png */ = {isa = PBXFileReference; lastKnownFileType = image.png; name = occlusion_1.png; path = images/occlusion_1.png; sourceTree = "<group>"; };
		AFFAC0261F5CA25D00E2634F /* occlusion_2.png */ = {isa = PBXFileReference; lastKnownFileType = image.png; name = occlusion_2.png; path = images/occlusion_2.png; sourceTree = "<group>"; };
		AFFAC0271F5CA25D00E2634F /* occlusion_3.png */ = {isa = PBXFileReference; lastKnownFileType = image.png; name = occlusion_3.png; path = images/occlusion_3.png; sourceTree = "<group>"; };
		AFFAC0281F5CA25D00E2634F /* occlusion_4.png */ = {isa = PBXFileReference; lastKnownFileType = image.png; name = occlusion_4.png; path = images/occlusion_4.png; sourceTree = "<group>"; };
		D949346BDFC850193A2DD6DE /* Pods-gameSenseSports.release.xcconfig */ = {isa = PBXFileReference; includeInIndex = 1; lastKnownFileType = text.xcconfig; name = "Pods-gameSenseSports.release.xcconfig"; path = "Pods/Target Support Files/Pods-gameSenseSports/Pods-gameSenseSports.release.xcconfig"; sourceTree = "<group>"; };
/* End PBXFileReference section */

/* Begin PBXFrameworksBuildPhase section */
		11698F8C1DDB999600C24D3C /* Frameworks */ = {
			isa = PBXFrameworksBuildPhase;
			buildActionMask = 2147483647;
			files = (
				11C04F111E3FEFE3005BDC4B /* libz.tbd in Frameworks */,
				AF8A22D71DF3C61600A88E00 /* CrashReporter.framework in Frameworks */,
				11698FD31DDBA3CC00C24D3C /* MediaPlayer.framework in Frameworks */,
				AF8A22D21DF3ACF500A88E00 /* Rollbar.framework in Frameworks */,
				11698FD41DDBA3CC00C24D3C /* MediaToolbox.framework in Frameworks */,
				11698FD01DDBA3C300C24D3C /* MobileCoreServices.framework in Frameworks */,
				11698FCD1DDBA3BD00C24D3C /* AVFoundation.framework in Frameworks */,
				11698FCE1DDBA3BD00C24D3C /* AVKit.framework in Frameworks */,
				A8290B59379F26AA57787B49 /* libPods-gameSenseSports.a in Frameworks */,
			);
			runOnlyForDeploymentPostprocessing = 0;
		};
		11698FA31DDB999600C24D3C /* Frameworks */ = {
			isa = PBXFrameworksBuildPhase;
			buildActionMask = 2147483647;
			files = (
			);
			runOnlyForDeploymentPostprocessing = 0;
		};
		11698FAE1DDB999600C24D3C /* Frameworks */ = {
			isa = PBXFrameworksBuildPhase;
			buildActionMask = 2147483647;
			files = (
			);
			runOnlyForDeploymentPostprocessing = 0;
		};
/* End PBXFrameworksBuildPhase section */

/* Begin PBXGroup section */
		0DFAB5CE74E205BF41962625 /* Pods */ = {
			isa = PBXGroup;
			children = (
				422D7E26DF320FBDB8879001 /* Pods-gameSenseSports.debug.xcconfig */,
				D949346BDFC850193A2DD6DE /* Pods-gameSenseSports.release.xcconfig */,
			);
			name = Pods;
			sourceTree = "<group>";
		};
		11225C291DDE73AB0071D1CF /* ViewControllers */ = {
			isa = PBXGroup;
			children = (
				AF0B92611F49F99C00104E4A /* PitcherDetailViewController.swift */,
				11698F941DDB999600C24D3C /* LoginViewController.swift */,
				11698FD91DDD1CFD00C24D3C /* RegistrationWebViewController.swift */,
				11698FC61DDBA28100C24D3C /* DrillListViewController.swift */,
				11698FC81DDBA35A00C24D3C /* VideoPlayerViewController.swift */,
				1147DC881DEAA3A5000D8025 /* DrillQuestionsViewController.swift */,
				11D25C741F427079003CC09C /* ProfileViewController.swift */,
				1107AC881F43F892002B2CA6 /* ProfileWebViewController.swift */,
			);
			name = ViewControllers;
			sourceTree = "<group>";
		};
		11225C2A1DDE73B30071D1CF /* Images */ = {
			isa = PBXGroup;
			children = (
				AFFAC01D1F5CA25D00E2634F /* full_circle_1.png */,
				AFFAC01E1F5CA25D00E2634F /* full_circle_2.png */,
				AFFAC01F1F5CA25D00E2634F /* full_circle_3.png */,
				AFFAC0201F5CA25D00E2634F /* full_circle_4.png */,
				AFFAC0211F5CA25D00E2634F /* half_circle_1.png */,
				AFFAC0221F5CA25D00E2634F /* half_circle_2.png */,
				AFFAC0231F5CA25D00E2634F /* half_circle_3.png */,
				AFFAC0241F5CA25D00E2634F /* half_circle_4.png */,
				AFFAC0251F5CA25D00E2634F /* occlusion_1.png */,
				AFFAC0261F5CA25D00E2634F /* occlusion_2.png */,
				AFFAC0271F5CA25D00E2634F /* occlusion_3.png */,
				AFFAC0281F5CA25D00E2634F /* occlusion_4.png */,
				115C95561F467C6300224F50 /* home_icon.png */,
				115C954C1F4678AA00224F50 /* account@2x.png */,
				115C954D1F4678AA00224F50 /* charts@2x.png */,
				115C954E1F4678AA00224F50 /* home@2x.png */,
				115C954F1F4678AA00224F50 /* logout@2x.png */,
				115C95501F4678AA00224F50 /* profile@2x.png */,
				118287651E17363E0009CCAF /* round_ball.png */,
				118287661E17363E0009CCAF /* round_strike.png */,
				1182875F1E14D9BE0009CCAF /* clock.png */,
				11DC88CF1DEF6501002D3847 /* gs_logo_login.png */,
				11698FD71DDD16FF00C24D3C /* logo.png */,
				AF76AA311E477D8D00A9407D /* lance-lynn.jpg */,
				11698FD51DDD14BE00C24D3C /* lance-lynn-OLD.jpg */,
				11698FC31DDB9C4700C24D3C /* gameSenseSports.png */,
			);
			name = Images;
			sourceTree = "<group>";
		};
		11225C2B1DDE7FDB0071D1CF /* DataAccessObjects */ = {
			isa = PBXGroup;
			children = (
				11225C301DE15CEC0071D1CF /* DrillListParser.swift */,
				11225C321DE168B40071D1CF /* DrillQuestionParser.swift */,
				11225C341DE262F20071D1CF /* DrillVideoParser.swift */,
				11225C361DE26AF50071D1CF /* DrillPitchLocationParser.swift */,
				11E1391E1DE4C932005B2A6F /* SharedNetworkConnection.swift */,
				AF8864071F4CD65500FDF67B /* LeaderboardScoreParser.swift */,
			);
			name = DataAccessObjects;
			sourceTree = "<group>";
		};
		11225C381DE371C80071D1CF /* json */ = {
			isa = PBXGroup;
			children = (
				11225C391DE371EC0071D1CF /* drillList.txt */,
				11225C3D1DE3801D0071D1CF /* drillQuestions.txt */,
				11225C3F1DE380550071D1CF /* drillVideo.txt */,
				11225C411DE380700071D1CF /* drillQuestionPitchLocations.txt */,
			);
			name = json;
			sourceTree = "<group>";
		};
		11698F861DDB999500C24D3C = {
			isa = PBXGroup;
			children = (
				11698F911DDB999600C24D3C /* gameSenseSports */,
				11698FA91DDB999600C24D3C /* gameSenseSportsTests */,
				11698FB41DDB999600C24D3C /* gameSenseSportsUITests */,
				11698F901DDB999600C24D3C /* Products */,
				11698FCA1DDBA3BD00C24D3C /* Frameworks */,
				0DFAB5CE74E205BF41962625 /* Pods */,
			);
			sourceTree = "<group>";
		};
		11698F901DDB999600C24D3C /* Products */ = {
			isa = PBXGroup;
			children = (
				11698F8F1DDB999600C24D3C /* gameSenseSports.app */,
				11698FA61DDB999600C24D3C /* gameSenseSportsTests.xctest */,
				11698FB11DDB999600C24D3C /* gameSenseSportsUITests.xctest */,
			);
			name = Products;
			sourceTree = "<group>";
		};
		11698F911DDB999600C24D3C /* gameSenseSports */ = {
			isa = PBXGroup;
			children = (
				AF3CC5D81EE1A5F70095A69A /* Views */,
				11C04E071E3FED81005BDC4B /* Libraries */,
				11225C2B1DDE7FDB0071D1CF /* DataAccessObjects */,
				11225C2A1DDE73B30071D1CF /* Images */,
				11ECB99A1DECC29400BEBF31 /* Sounds */,
				11225C291DDE73AB0071D1CF /* ViewControllers */,
				11698F921DDB999600C24D3C /* AppDelegate.swift */,
				11698F961DDB999600C24D3C /* Main.storyboard */,
				11698F9C1DDB999600C24D3C /* Assets.xcassets */,
				11698F9E1DDB999600C24D3C /* LaunchScreen.storyboard */,
				11698FA11DDB999600C24D3C /* Info.plist */,
				11698F991DDB999600C24D3C /* gameSenseSports.xcdatamodeld */,
				11E139201DE5E88E005B2A6F /* Constants.swift */,
				AF8A22D31DF3C4B200A88E00 /* gameSenseSports-Bridging-Header.h */,
			);
			path = gameSenseSports;
			sourceTree = "<group>";
		};
		11698FA91DDB999600C24D3C /* gameSenseSportsTests */ = {
			isa = PBXGroup;
			children = (
				11225C381DE371C80071D1CF /* json */,
				11698FAA1DDB999600C24D3C /* gameSenseSportsTests.swift */,
				11698FAC1DDB999600C24D3C /* Info.plist */,
				11225C271DDE55C40071D1CF /* JsonTestStrings.swift */,
			);
			path = gameSenseSportsTests;
			sourceTree = "<group>";
		};
		11698FB41DDB999600C24D3C /* gameSenseSportsUITests */ = {
			isa = PBXGroup;
			children = (
				11698FB51DDB999600C24D3C /* gameSenseSportsUITests.swift */,
				11698FB71DDB999600C24D3C /* Info.plist */,
			);
			path = gameSenseSportsUITests;
			sourceTree = "<group>";
		};
		11698FCA1DDBA3BD00C24D3C /* Frameworks */ = {
			isa = PBXGroup;
			children = (
				11C04F101E3FEFE3005BDC4B /* libz.tbd */,
				AF8A22D61DF3C61600A88E00 /* CrashReporter.framework */,
				AF8A22D11DF3ACF500A88E00 /* Rollbar.framework */,
				11698FD11DDBA3CC00C24D3C /* MediaPlayer.framework */,
				11698FD21DDBA3CC00C24D3C /* MediaToolbox.framework */,
				11698FCF1DDBA3C300C24D3C /* MobileCoreServices.framework */,
				11698FCB1DDBA3BD00C24D3C /* AVFoundation.framework */,
				11698FCC1DDBA3BD00C24D3C /* AVKit.framework */,
				3642BFA2F2050BD2D1E07B31 /* libPods-gameSenseSports.a */,
			);
			name = Frameworks;
			sourceTree = "<group>";
		};
		11C04E071E3FED81005BDC4B /* Libraries */ = {
			isa = PBXGroup;
			children = (
				11C04ED91E3FEE49005BDC4B /* SSZipArchive */,
			);
			name = Libraries;
			sourceTree = "<group>";
		};
		11C04ED91E3FEE49005BDC4B /* SSZipArchive */ = {
			isa = PBXGroup;
			children = (
				11C04EDA1E3FEE49005BDC4B /* aes */,
				11C04EF01E3FEE49005BDC4B /* Info.plist */,
				11C04EF11E3FEE49005BDC4B /* minizip */,
				11C04EFB1E3FEE49005BDC4B /* SSZipArchive+Swift.swift */,
				11C04EFC1E3FEE49005BDC4B /* SSZipArchive.h */,
				11C04EFD1E3FEE49005BDC4B /* SSZipArchive.m */,
				11C04EFE1E3FEE49005BDC4B /* SSZipCommon.h */,
				11C04EFF1E3FEE49005BDC4B /* ZipArchive.h */,
			);
			path = SSZipArchive;
			sourceTree = "<group>";
		};
		11C04EDA1E3FEE49005BDC4B /* aes */ = {
			isa = PBXGroup;
			children = (
				11C04EDB1E3FEE49005BDC4B /* aes.h */,
				11C04EDC1E3FEE49005BDC4B /* aes_via_ace.h */,
				11C04EDD1E3FEE49005BDC4B /* aescrypt.c */,
				11C04EDE1E3FEE49005BDC4B /* aeskey.c */,
				11C04EDF1E3FEE49005BDC4B /* aesopt.h */,
				11C04EE01E3FEE49005BDC4B /* aestab.c */,
				11C04EE11E3FEE49005BDC4B /* aestab.h */,
				11C04EE21E3FEE49005BDC4B /* brg_endian.h */,
				11C04EE31E3FEE49005BDC4B /* brg_types.h */,
				11C04EE41E3FEE49005BDC4B /* entropy.c */,
				11C04EE51E3FEE49005BDC4B /* entropy.h */,
				11C04EE61E3FEE49005BDC4B /* fileenc.c */,
				11C04EE71E3FEE49005BDC4B /* fileenc.h */,
				11C04EE81E3FEE49005BDC4B /* hmac.c */,
				11C04EE91E3FEE49005BDC4B /* hmac.h */,
				11C04EEA1E3FEE49005BDC4B /* prng.c */,
				11C04EEB1E3FEE49005BDC4B /* prng.h */,
				11C04EEC1E3FEE49005BDC4B /* pwd2key.c */,
				11C04EED1E3FEE49005BDC4B /* pwd2key.h */,
				11C04EEE1E3FEE49005BDC4B /* sha1.c */,
				11C04EEF1E3FEE49005BDC4B /* sha1.h */,
			);
			path = aes;
			sourceTree = "<group>";
		};
		11C04EF11E3FEE49005BDC4B /* minizip */ = {
			isa = PBXGroup;
			children = (
				11C04EF21E3FEE49005BDC4B /* crypt.h */,
				11C04EF31E3FEE49005BDC4B /* ioapi.c */,
				11C04EF41E3FEE49005BDC4B /* ioapi.h */,
				11C04EF51E3FEE49005BDC4B /* mztools.c */,
				11C04EF61E3FEE49005BDC4B /* mztools.h */,
				11C04EF71E3FEE49005BDC4B /* unzip.c */,
				11C04EF81E3FEE49005BDC4B /* unzip.h */,
				11C04EF91E3FEE49005BDC4B /* zip.c */,
				11C04EFA1E3FEE49005BDC4B /* zip.h */,
			);
			path = minizip;
			sourceTree = "<group>";
		};
		11ECB99A1DECC29400BEBF31 /* Sounds */ = {
			isa = PBXGroup;
			children = (
				11ECB99B1DECC2B900BEBF31 /* ballcheer.mp3 */,
				11ECB99C1DECC2B900BEBF31 /* caughtball.mp3 */,
			);
			name = Sounds;
			sourceTree = "<group>";
		};
		AF3CC5D81EE1A5F70095A69A /* Views */ = {
			isa = PBXGroup;
			children = (
				AF3CC5D61EE116810095A69A /* DrillListTableViewCell.swift */,
			);
			name = Views;
			sourceTree = "<group>";
		};
/* End PBXGroup section */

/* Begin PBXNativeTarget section */
		11698F8E1DDB999600C24D3C /* gameSenseSports */ = {
			isa = PBXNativeTarget;
			buildConfigurationList = 11698FBA1DDB999600C24D3C /* Build configuration list for PBXNativeTarget "gameSenseSports" */;
			buildPhases = (
				0FD7795D1E8586B8428DCD41 /* [CP] Check Pods Manifest.lock */,
				11698F8B1DDB999600C24D3C /* Sources */,
				11698F8C1DDB999600C24D3C /* Frameworks */,
				11698F8D1DDB999600C24D3C /* Resources */,
				6AF1C2046B8E67D6B43676BE /* [CP] Embed Pods Frameworks */,
				EA49214567B19C3D63883AAD /* [CP] Copy Pods Resources */,
			);
			buildRules = (
			);
			dependencies = (
			);
			name = gameSenseSports;
			productName = gameSenseSports;
			productReference = 11698F8F1DDB999600C24D3C /* gameSenseSports.app */;
			productType = "com.apple.product-type.application";
		};
		11698FA51DDB999600C24D3C /* gameSenseSportsTests */ = {
			isa = PBXNativeTarget;
			buildConfigurationList = 11698FBD1DDB999600C24D3C /* Build configuration list for PBXNativeTarget "gameSenseSportsTests" */;
			buildPhases = (
				11698FA21DDB999600C24D3C /* Sources */,
				11698FA31DDB999600C24D3C /* Frameworks */,
				11698FA41DDB999600C24D3C /* Resources */,
			);
			buildRules = (
			);
			dependencies = (
				11698FA81DDB999600C24D3C /* PBXTargetDependency */,
			);
			name = gameSenseSportsTests;
			productName = gameSenseSportsTests;
			productReference = 11698FA61DDB999600C24D3C /* gameSenseSportsTests.xctest */;
			productType = "com.apple.product-type.bundle.unit-test";
		};
		11698FB01DDB999600C24D3C /* gameSenseSportsUITests */ = {
			isa = PBXNativeTarget;
			buildConfigurationList = 11698FC01DDB999600C24D3C /* Build configuration list for PBXNativeTarget "gameSenseSportsUITests" */;
			buildPhases = (
				11698FAD1DDB999600C24D3C /* Sources */,
				11698FAE1DDB999600C24D3C /* Frameworks */,
				11698FAF1DDB999600C24D3C /* Resources */,
			);
			buildRules = (
			);
			dependencies = (
				11698FB31DDB999600C24D3C /* PBXTargetDependency */,
			);
			name = gameSenseSportsUITests;
			productName = gameSenseSportsUITests;
			productReference = 11698FB11DDB999600C24D3C /* gameSenseSportsUITests.xctest */;
			productType = "com.apple.product-type.bundle.ui-testing";
		};
/* End PBXNativeTarget section */

/* Begin PBXProject section */
		11698F871DDB999500C24D3C /* Project object */ = {
			isa = PBXProject;
			attributes = {
				LastSwiftUpdateCheck = 0800;
				LastUpgradeCheck = 0810;
				ORGANIZATIONNAME = gameSenseSports;
				TargetAttributes = {
					11698F8E1DDB999600C24D3C = {
						CreatedOnToolsVersion = 8.0;
						DevelopmentTeam = 2LR9N6ERWB;
						LastSwiftMigration = 0810;
						ProvisioningStyle = Automatic;
					};
					11698FA51DDB999600C24D3C = {
						CreatedOnToolsVersion = 8.0;
						ProvisioningStyle = Automatic;
						TestTargetID = 11698F8E1DDB999600C24D3C;
					};
					11698FB01DDB999600C24D3C = {
						CreatedOnToolsVersion = 8.0;
						ProvisioningStyle = Automatic;
						TestTargetID = 11698F8E1DDB999600C24D3C;
					};
				};
			};
			buildConfigurationList = 11698F8A1DDB999500C24D3C /* Build configuration list for PBXProject "gameSenseSports" */;
			compatibilityVersion = "Xcode 3.2";
			developmentRegion = English;
			hasScannedForEncodings = 0;
			knownRegions = (
				en,
				Base,
			);
			mainGroup = 11698F861DDB999500C24D3C;
			productRefGroup = 11698F901DDB999600C24D3C /* Products */;
			projectDirPath = "";
			projectRoot = "";
			targets = (
				11698F8E1DDB999600C24D3C /* gameSenseSports */,
				11698FA51DDB999600C24D3C /* gameSenseSportsTests */,
				11698FB01DDB999600C24D3C /* gameSenseSportsUITests */,
			);
		};
/* End PBXProject section */

/* Begin PBXResourcesBuildPhase section */
		11698F8D1DDB999600C24D3C /* Resources */ = {
			isa = PBXResourcesBuildPhase;
			buildActionMask = 2147483647;
			files = (
				AFFAC02F1F5CA25D00E2634F /* half_circle_3.png in Resources */,
				115C95541F4678AA00224F50 /* logout@2x.png in Resources */,
				11698FA01DDB999600C24D3C /* LaunchScreen.storyboard in Resources */,
				115C95551F4678AA00224F50 /* profile@2x.png in Resources */,
				AFFAC0341F5CA25D00E2634F /* occlusion_4.png in Resources */,
				11698FC41DDB9C4700C24D3C /* gameSenseSports.png in Resources */,
				115C95531F4678AA00224F50 /* home@2x.png in Resources */,
				11698FD81DDD16FF00C24D3C /* logo.png in Resources */,
				11DC88D01DEF6501002D3847 /* gs_logo_login.png in Resources */,
				115C95521F4678AA00224F50 /* charts@2x.png in Resources */,
				115C95571F467C6300224F50 /* home_icon.png in Resources */,
				118287681E17363E0009CCAF /* round_strike.png in Resources */,
				11ECB99E1DECC2B900BEBF31 /* caughtball.mp3 in Resources */,
				AFFAC02E1F5CA25D00E2634F /* half_circle_2.png in Resources */,
				AFFAC02C1F5CA25D00E2634F /* full_circle_4.png in Resources */,
				11698F9D1DDB999600C24D3C /* Assets.xcassets in Resources */,
				AFFAC0301F5CA25D00E2634F /* half_circle_4.png in Resources */,
				AFFAC02D1F5CA25D00E2634F /* half_circle_1.png in Resources */,
				AF76AA321E477D8D00A9407D /* lance-lynn.jpg in Resources */,
				AFFAC0331F5CA25D00E2634F /* occlusion_3.png in Resources */,
				AFFAC0321F5CA25D00E2634F /* occlusion_2.png in Resources */,
				118287601E14D9BE0009CCAF /* clock.png in Resources */,
				AFFAC02B1F5CA25D00E2634F /* full_circle_3.png in Resources */,
				AFFAC0311F5CA25D00E2634F /* occlusion_1.png in Resources */,
				118287671E17363E0009CCAF /* round_ball.png in Resources */,
				11698FD61DDD14BE00C24D3C /* lance-lynn-OLD.jpg in Resources */,
				115C95511F4678AA00224F50 /* account@2x.png in Resources */,
				11698F981DDB999600C24D3C /* Main.storyboard in Resources */,
				11ECB99D1DECC2B900BEBF31 /* ballcheer.mp3 in Resources */,
				AFFAC02A1F5CA25D00E2634F /* full_circle_2.png in Resources */,
				11C04F091E3FEE49005BDC4B /* Info.plist in Resources */,
				AFFAC0291F5CA25D00E2634F /* full_circle_1.png in Resources */,
			);
			runOnlyForDeploymentPostprocessing = 0;
		};
		11698FA41DDB999600C24D3C /* Resources */ = {
			isa = PBXResourcesBuildPhase;
			buildActionMask = 2147483647;
			files = (
				11225C3E1DE3801D0071D1CF /* drillQuestions.txt in Resources */,
				11225C3A1DE371EC0071D1CF /* drillList.txt in Resources */,
				11225C421DE380700071D1CF /* drillQuestionPitchLocations.txt in Resources */,
				11225C401DE380550071D1CF /* drillVideo.txt in Resources */,
			);
			runOnlyForDeploymentPostprocessing = 0;
		};
		11698FAF1DDB999600C24D3C /* Resources */ = {
			isa = PBXResourcesBuildPhase;
			buildActionMask = 2147483647;
			files = (
			);
			runOnlyForDeploymentPostprocessing = 0;
		};
/* End PBXResourcesBuildPhase section */

/* Begin PBXShellScriptBuildPhase section */
		0FD7795D1E8586B8428DCD41 /* [CP] Check Pods Manifest.lock */ = {
			isa = PBXShellScriptBuildPhase;
			buildActionMask = 2147483647;
			files = (
			);
			inputPaths = (
				"${PODS_PODFILE_DIR_PATH}/Podfile.lock",
				"${PODS_ROOT}/Manifest.lock",
			);
			name = "[CP] Check Pods Manifest.lock";
			outputPaths = (
				"$(DERIVED_FILE_DIR)/Pods-gameSenseSports-checkManifestLockResult.txt",
			);
			runOnlyForDeploymentPostprocessing = 0;
			shellPath = /bin/sh;
			shellScript = "diff \"${PODS_PODFILE_DIR_PATH}/Podfile.lock\" \"${PODS_ROOT}/Manifest.lock\" > /dev/null\nif [ $? != 0 ] ; then\n    # print error to STDERR\n    echo \"error: The sandbox is not in sync with the Podfile.lock. Run 'pod install' or update your CocoaPods installation.\" >&2\n    exit 1\nfi\n# This output is used by Xcode 'outputs' to avoid re-running this script phase.\necho \"SUCCESS\" > \"${SCRIPT_OUTPUT_FILE_0}\"\n";
			showEnvVarsInLog = 0;
		};
		6AF1C2046B8E67D6B43676BE /* [CP] Embed Pods Frameworks */ = {
			isa = PBXShellScriptBuildPhase;
			buildActionMask = 2147483647;
			files = (
			);
			inputPaths = (
			);
			name = "[CP] Embed Pods Frameworks";
			outputPaths = (
			);
			runOnlyForDeploymentPostprocessing = 0;
			shellPath = /bin/sh;
			shellScript = "\"${SRCROOT}/Pods/Target Support Files/Pods-gameSenseSports/Pods-gameSenseSports-frameworks.sh\"\n";
			showEnvVarsInLog = 0;
		};
		EA49214567B19C3D63883AAD /* [CP] Copy Pods Resources */ = {
			isa = PBXShellScriptBuildPhase;
			buildActionMask = 2147483647;
			files = (
			);
			inputPaths = (
			);
			name = "[CP] Copy Pods Resources";
			outputPaths = (
			);
			runOnlyForDeploymentPostprocessing = 0;
			shellPath = /bin/sh;
			shellScript = "\"${SRCROOT}/Pods/Target Support Files/Pods-gameSenseSports/Pods-gameSenseSports-resources.sh\"\n";
			showEnvVarsInLog = 0;
		};
/* End PBXShellScriptBuildPhase section */

/* Begin PBXSourcesBuildPhase section */
		11698F8B1DDB999600C24D3C /* Sources */ = {
			isa = PBXSourcesBuildPhase;
			buildActionMask = 2147483647;
			files = (
				11225C331DE168B40071D1CF /* DrillQuestionParser.swift in Sources */,
				11698F951DDB999600C24D3C /* LoginViewController.swift in Sources */,
				11C04F0B1E3FEE49005BDC4B /* mztools.c in Sources */,
				11C04F031E3FEE49005BDC4B /* entropy.c in Sources */,
				11698F931DDB999600C24D3C /* AppDelegate.swift in Sources */,
				AF8864081F4CD65500FDF67B /* LeaderboardScoreParser.swift in Sources */,
				AF0B92621F49F99C00104E4A /* PitcherDetailViewController.swift in Sources */,
				11698FC91DDBA35A00C24D3C /* VideoPlayerViewController.swift in Sources */,
				11225C311DE15CEC0071D1CF /* DrillListParser.swift in Sources */,
				11C04F081E3FEE49005BDC4B /* sha1.c in Sources */,
				11698FC71DDBA28100C24D3C /* DrillListViewController.swift in Sources */,
				11E1391F1DE4C932005B2A6F /* SharedNetworkConnection.swift in Sources */,
				1147DC891DEAA3A5000D8025 /* DrillQuestionsViewController.swift in Sources */,
				11C04F0E1E3FEE49005BDC4B /* SSZipArchive+Swift.swift in Sources */,
				11C04F0F1E3FEE49005BDC4B /* SSZipArchive.m in Sources */,
				11D25C751F427079003CC09C /* ProfileViewController.swift in Sources */,
				11698FDA1DDD1CFD00C24D3C /* RegistrationWebViewController.swift in Sources */,
				11C04F0A1E3FEE49005BDC4B /* ioapi.c in Sources */,
				11C04F061E3FEE49005BDC4B /* prng.c in Sources */,
				11C04F021E3FEE49005BDC4B /* aestab.c in Sources */,
				11C04F011E3FEE49005BDC4B /* aeskey.c in Sources */,
				11C04F0C1E3FEE49005BDC4B /* unzip.c in Sources */,
				11C04F051E3FEE49005BDC4B /* hmac.c in Sources */,
				11C04F041E3FEE49005BDC4B /* fileenc.c in Sources */,
				11698F9B1DDB999600C24D3C /* gameSenseSports.xcdatamodeld in Sources */,
				11225C371DE26AF50071D1CF /* DrillPitchLocationParser.swift in Sources */,
				11225C351DE262F20071D1CF /* DrillVideoParser.swift in Sources */,
				1107AC891F43F892002B2CA6 /* ProfileWebViewController.swift in Sources */,
				11C04F001E3FEE49005BDC4B /* aescrypt.c in Sources */,
				11C04F0D1E3FEE49005BDC4B /* zip.c in Sources */,
				11C04F071E3FEE49005BDC4B /* pwd2key.c in Sources */,
				11E139211DE5E88E005B2A6F /* Constants.swift in Sources */,
				AF3CC5D71EE116810095A69A /* DrillListTableViewCell.swift in Sources */,
			);
			runOnlyForDeploymentPostprocessing = 0;
		};
		11698FA21DDB999600C24D3C /* Sources */ = {
			isa = PBXSourcesBuildPhase;
			buildActionMask = 2147483647;
			files = (
				11225C281DDE55C40071D1CF /* JsonTestStrings.swift in Sources */,
				11698FAB1DDB999600C24D3C /* gameSenseSportsTests.swift in Sources */,
			);
			runOnlyForDeploymentPostprocessing = 0;
		};
		11698FAD1DDB999600C24D3C /* Sources */ = {
			isa = PBXSourcesBuildPhase;
			buildActionMask = 2147483647;
			files = (
				11698FB61DDB999600C24D3C /* gameSenseSportsUITests.swift in Sources */,
			);
			runOnlyForDeploymentPostprocessing = 0;
		};
/* End PBXSourcesBuildPhase section */

/* Begin PBXTargetDependency section */
		11698FA81DDB999600C24D3C /* PBXTargetDependency */ = {
			isa = PBXTargetDependency;
			target = 11698F8E1DDB999600C24D3C /* gameSenseSports */;
			targetProxy = 11698FA71DDB999600C24D3C /* PBXContainerItemProxy */;
		};
		11698FB31DDB999600C24D3C /* PBXTargetDependency */ = {
			isa = PBXTargetDependency;
			target = 11698F8E1DDB999600C24D3C /* gameSenseSports */;
			targetProxy = 11698FB21DDB999600C24D3C /* PBXContainerItemProxy */;
		};
/* End PBXTargetDependency section */

/* Begin PBXVariantGroup section */
		11698F961DDB999600C24D3C /* Main.storyboard */ = {
			isa = PBXVariantGroup;
			children = (
				11698F971DDB999600C24D3C /* Base */,
			);
			name = Main.storyboard;
			sourceTree = "<group>";
		};
		11698F9E1DDB999600C24D3C /* LaunchScreen.storyboard */ = {
			isa = PBXVariantGroup;
			children = (
				11698F9F1DDB999600C24D3C /* Base */,
			);
			name = LaunchScreen.storyboard;
			sourceTree = "<group>";
		};
/* End PBXVariantGroup section */

/* Begin XCBuildConfiguration section */
		11698FB81DDB999600C24D3C /* Debug */ = {
			isa = XCBuildConfiguration;
			buildSettings = {
				ALWAYS_SEARCH_USER_PATHS = NO;
				CLANG_ANALYZER_NONNULL = YES;
				CLANG_CXX_LANGUAGE_STANDARD = "gnu++0x";
				CLANG_CXX_LIBRARY = "libc++";
				CLANG_ENABLE_MODULES = YES;
				CLANG_ENABLE_OBJC_ARC = YES;
				CLANG_WARN_BOOL_CONVERSION = YES;
				CLANG_WARN_CONSTANT_CONVERSION = YES;
				CLANG_WARN_DIRECT_OBJC_ISA_USAGE = YES_ERROR;
				CLANG_WARN_DOCUMENTATION_COMMENTS = YES;
				CLANG_WARN_EMPTY_BODY = YES;
				CLANG_WARN_ENUM_CONVERSION = YES;
				CLANG_WARN_INFINITE_RECURSION = YES;
				CLANG_WARN_INT_CONVERSION = YES;
				CLANG_WARN_OBJC_ROOT_CLASS = YES_ERROR;
				CLANG_WARN_SUSPICIOUS_MOVE = YES;
				CLANG_WARN_SUSPICIOUS_MOVES = YES;
				CLANG_WARN_UNREACHABLE_CODE = YES;
				CLANG_WARN__DUPLICATE_METHOD_MATCH = YES;
				"CODE_SIGN_IDENTITY[sdk=iphoneos*]" = "iPhone Developer";
				COPY_PHASE_STRIP = NO;
				DEBUG_INFORMATION_FORMAT = dwarf;
				ENABLE_STRICT_OBJC_MSGSEND = YES;
				ENABLE_TESTABILITY = YES;
				GCC_C_LANGUAGE_STANDARD = gnu99;
				GCC_DYNAMIC_NO_PIC = NO;
				GCC_NO_COMMON_BLOCKS = YES;
				GCC_OPTIMIZATION_LEVEL = 0;
				GCC_PREPROCESSOR_DEFINITIONS = (
					"DEBUG=1",
					"$(inherited)",
				);
				GCC_WARN_64_TO_32_BIT_CONVERSION = YES;
				GCC_WARN_ABOUT_RETURN_TYPE = YES_ERROR;
				GCC_WARN_UNDECLARED_SELECTOR = YES;
				GCC_WARN_UNINITIALIZED_AUTOS = YES_AGGRESSIVE;
				GCC_WARN_UNUSED_FUNCTION = YES;
				GCC_WARN_UNUSED_VARIABLE = YES;
				IPHONEOS_DEPLOYMENT_TARGET = 9.3;
				MTL_ENABLE_DEBUG_INFO = YES;
				ONLY_ACTIVE_ARCH = YES;
				SDKROOT = iphoneos;
				SWIFT_ACTIVE_COMPILATION_CONDITIONS = DEBUG;
				SWIFT_OPTIMIZATION_LEVEL = "-Onone";
				TARGETED_DEVICE_FAMILY = "1,2";
			};
			name = Debug;
		};
		11698FB91DDB999600C24D3C /* Release */ = {
			isa = XCBuildConfiguration;
			buildSettings = {
				ALWAYS_SEARCH_USER_PATHS = NO;
				CLANG_ANALYZER_NONNULL = YES;
				CLANG_CXX_LANGUAGE_STANDARD = "gnu++0x";
				CLANG_CXX_LIBRARY = "libc++";
				CLANG_ENABLE_MODULES = YES;
				CLANG_ENABLE_OBJC_ARC = YES;
				CLANG_WARN_BOOL_CONVERSION = YES;
				CLANG_WARN_CONSTANT_CONVERSION = YES;
				CLANG_WARN_DIRECT_OBJC_ISA_USAGE = YES_ERROR;
				CLANG_WARN_DOCUMENTATION_COMMENTS = YES;
				CLANG_WARN_EMPTY_BODY = YES;
				CLANG_WARN_ENUM_CONVERSION = YES;
				CLANG_WARN_INFINITE_RECURSION = YES;
				CLANG_WARN_INT_CONVERSION = YES;
				CLANG_WARN_OBJC_ROOT_CLASS = YES_ERROR;
				CLANG_WARN_SUSPICIOUS_MOVE = YES;
				CLANG_WARN_SUSPICIOUS_MOVES = YES;
				CLANG_WARN_UNREACHABLE_CODE = YES;
				CLANG_WARN__DUPLICATE_METHOD_MATCH = YES;
				"CODE_SIGN_IDENTITY[sdk=iphoneos*]" = "iPhone Developer";
				COPY_PHASE_STRIP = NO;
				DEBUG_INFORMATION_FORMAT = "dwarf-with-dsym";
				ENABLE_NS_ASSERTIONS = NO;
				ENABLE_STRICT_OBJC_MSGSEND = YES;
				GCC_C_LANGUAGE_STANDARD = gnu99;
				GCC_NO_COMMON_BLOCKS = YES;
				GCC_WARN_64_TO_32_BIT_CONVERSION = YES;
				GCC_WARN_ABOUT_RETURN_TYPE = YES_ERROR;
				GCC_WARN_UNDECLARED_SELECTOR = YES;
				GCC_WARN_UNINITIALIZED_AUTOS = YES_AGGRESSIVE;
				GCC_WARN_UNUSED_FUNCTION = YES;
				GCC_WARN_UNUSED_VARIABLE = YES;
				IPHONEOS_DEPLOYMENT_TARGET = 9.3;
				MTL_ENABLE_DEBUG_INFO = NO;
				SDKROOT = iphoneos;
				SWIFT_OPTIMIZATION_LEVEL = "-Owholemodule";
				TARGETED_DEVICE_FAMILY = "1,2";
				VALIDATE_PRODUCT = YES;
			};
			name = Release;
		};
		11698FBB1DDB999600C24D3C /* Debug */ = {
			isa = XCBuildConfiguration;
			baseConfigurationReference = 422D7E26DF320FBDB8879001 /* Pods-gameSenseSports.debug.xcconfig */;
			buildSettings = {
				ASSETCATALOG_COMPILER_APPICON_NAME = AppIcon;
				CLANG_ENABLE_MODULES = YES;
				DEVELOPMENT_TEAM = 2LR9N6ERWB;
				FRAMEWORK_SEARCH_PATHS = (
					"$(inherited)",
					"$(PROJECT_DIR)/gameSenseSports",
				);
				INFOPLIST_FILE = gameSenseSports/Info.plist;
				IPHONEOS_DEPLOYMENT_TARGET = 9.3;
				LD_RUNPATH_SEARCH_PATHS = "$(inherited) @executable_path/Frameworks";
				PRODUCT_BUNDLE_IDENTIFIER = gameSenseSports;
				PRODUCT_NAME = "$(TARGET_NAME)";
				SWIFT_OBJC_BRIDGING_HEADER = "gameSenseSports/gameSenseSports-Bridging-Header.h";
				SWIFT_OPTIMIZATION_LEVEL = "-Onone";
				SWIFT_VERSION = 3.0;
			};
			name = Debug;
		};
		11698FBC1DDB999600C24D3C /* Release */ = {
			isa = XCBuildConfiguration;
			baseConfigurationReference = D949346BDFC850193A2DD6DE /* Pods-gameSenseSports.release.xcconfig */;
			buildSettings = {
				ASSETCATALOG_COMPILER_APPICON_NAME = AppIcon;
				CLANG_ENABLE_MODULES = YES;
				DEVELOPMENT_TEAM = 2LR9N6ERWB;
				FRAMEWORK_SEARCH_PATHS = (
					"$(inherited)",
					"$(PROJECT_DIR)/gameSenseSports",
				);
				INFOPLIST_FILE = gameSenseSports/Info.plist;
				IPHONEOS_DEPLOYMENT_TARGET = 9.3;
				LD_RUNPATH_SEARCH_PATHS = "$(inherited) @executable_path/Frameworks";
				PRODUCT_BUNDLE_IDENTIFIER = gameSenseSports;
				PRODUCT_NAME = "$(TARGET_NAME)";
				SWIFT_OBJC_BRIDGING_HEADER = "gameSenseSports/gameSenseSports-Bridging-Header.h";
				SWIFT_VERSION = 3.0;
			};
			name = Release;
		};
		11698FBE1DDB999600C24D3C /* Debug */ = {
			isa = XCBuildConfiguration;
			buildSettings = {
				ALWAYS_EMBED_SWIFT_STANDARD_LIBRARIES = YES;
				BUNDLE_LOADER = "$(TEST_HOST)";
				INFOPLIST_FILE = gameSenseSportsTests/Info.plist;
				LD_RUNPATH_SEARCH_PATHS = "$(inherited) @executable_path/Frameworks @loader_path/Frameworks";
				PRODUCT_BUNDLE_IDENTIFIER = gameSenseSports.gameSenseSportsTests;
				PRODUCT_NAME = "$(TARGET_NAME)";
				SWIFT_VERSION = 3.0;
				TEST_HOST = "$(BUILT_PRODUCTS_DIR)/gameSenseSports.app/gameSenseSports";
			};
			name = Debug;
		};
		11698FBF1DDB999600C24D3C /* Release */ = {
			isa = XCBuildConfiguration;
			buildSettings = {
				ALWAYS_EMBED_SWIFT_STANDARD_LIBRARIES = YES;
				BUNDLE_LOADER = "$(TEST_HOST)";
				INFOPLIST_FILE = gameSenseSportsTests/Info.plist;
				LD_RUNPATH_SEARCH_PATHS = "$(inherited) @executable_path/Frameworks @loader_path/Frameworks";
				PRODUCT_BUNDLE_IDENTIFIER = gameSenseSports.gameSenseSportsTests;
				PRODUCT_NAME = "$(TARGET_NAME)";
				SWIFT_VERSION = 3.0;
				TEST_HOST = "$(BUILT_PRODUCTS_DIR)/gameSenseSports.app/gameSenseSports";
			};
			name = Release;
		};
		11698FC11DDB999600C24D3C /* Debug */ = {
			isa = XCBuildConfiguration;
			buildSettings = {
				ALWAYS_EMBED_SWIFT_STANDARD_LIBRARIES = YES;
				INFOPLIST_FILE = gameSenseSportsUITests/Info.plist;
				LD_RUNPATH_SEARCH_PATHS = "$(inherited) @executable_path/Frameworks @loader_path/Frameworks";
				PRODUCT_BUNDLE_IDENTIFIER = gameSenseSports.gameSenseSportsUITests;
				PRODUCT_NAME = "$(TARGET_NAME)";
				SWIFT_VERSION = 3.0;
				TEST_TARGET_NAME = gameSenseSports;
			};
			name = Debug;
		};
		11698FC21DDB999600C24D3C /* Release */ = {
			isa = XCBuildConfiguration;
			buildSettings = {
				ALWAYS_EMBED_SWIFT_STANDARD_LIBRARIES = YES;
				INFOPLIST_FILE = gameSenseSportsUITests/Info.plist;
				LD_RUNPATH_SEARCH_PATHS = "$(inherited) @executable_path/Frameworks @loader_path/Frameworks";
				PRODUCT_BUNDLE_IDENTIFIER = gameSenseSports.gameSenseSportsUITests;
				PRODUCT_NAME = "$(TARGET_NAME)";
				SWIFT_VERSION = 3.0;
				TEST_TARGET_NAME = gameSenseSports;
			};
			name = Release;
		};
/* End XCBuildConfiguration section */

/* Begin XCConfigurationList section */
		11698F8A1DDB999500C24D3C /* Build configuration list for PBXProject "gameSenseSports" */ = {
			isa = XCConfigurationList;
			buildConfigurations = (
				11698FB81DDB999600C24D3C /* Debug */,
				11698FB91DDB999600C24D3C /* Release */,
			);
			defaultConfigurationIsVisible = 0;
			defaultConfigurationName = Release;
		};
		11698FBA1DDB999600C24D3C /* Build configuration list for PBXNativeTarget "gameSenseSports" */ = {
			isa = XCConfigurationList;
			buildConfigurations = (
				11698FBB1DDB999600C24D3C /* Debug */,
				11698FBC1DDB999600C24D3C /* Release */,
			);
			defaultConfigurationIsVisible = 0;
			defaultConfigurationName = Release;
		};
		11698FBD1DDB999600C24D3C /* Build configuration list for PBXNativeTarget "gameSenseSportsTests" */ = {
			isa = XCConfigurationList;
			buildConfigurations = (
				11698FBE1DDB999600C24D3C /* Debug */,
				11698FBF1DDB999600C24D3C /* Release */,
			);
			defaultConfigurationIsVisible = 0;
			defaultConfigurationName = Release;
		};
		11698FC01DDB999600C24D3C /* Build configuration list for PBXNativeTarget "gameSenseSportsUITests" */ = {
			isa = XCConfigurationList;
			buildConfigurations = (
				11698FC11DDB999600C24D3C /* Debug */,
				11698FC21DDB999600C24D3C /* Release */,
			);
			defaultConfigurationIsVisible = 0;
			defaultConfigurationName = Release;
		};
/* End XCConfigurationList section */

/* Begin XCVersionGroup section */
		11698F991DDB999600C24D3C /* gameSenseSports.xcdatamodeld */ = {
			isa = XCVersionGroup;
			children = (
				11698F9A1DDB999600C24D3C /* gameSenseSports.xcdatamodel */,
			);
			currentVersion = 11698F9A1DDB999600C24D3C /* gameSenseSports.xcdatamodel */;
			path = gameSenseSports.xcdatamodeld;
			sourceTree = "<group>";
			versionGroupType = wrapper.xcdatamodel;
		};
/* End XCVersionGroup section */
	};
	rootObject = 11698F871DDB999500C24D3C /* Project object */;
}
